{
  "name": "auth0.6",
  "version": "1.0.0",
  "lockfileVersion": 2,
  "requires": true,
  "packages": {
    "": {
      "name": "auth0.6",
      "version": "1.0.0",
      "license": "ISC",
      "dependencies": {
        "@vant/area-data": "^1.4.1",
        "@vant/weapp": "^1.10.19",
        "area-data": "^5.0.6"
      }
    },
    "node_modules/@vant/area-data": {
      "version": "1.4.1",
      "resolved": "https://registry.npmjs.org/@vant/area-data/-/area-data-1.4.1.tgz",
      "integrity": "sha512-D8zI/rfxREhnIKGoYzsEJZ73fte4JARhFeFftLIH7ynu1sPrCBEgPkLEbwPyvw3VC4JdSIuzaK5uOhu+BcoPXw=="
    },
    "node_modules/@vant/weapp": {
      "version": "1.10.19",
      "resolved": "https://registry.npmmirror.com/@vant/weapp/-/weapp-1.10.19.tgz",
      "integrity": "sha512-RStOPlSELi9lqim9dGagguViUVMNnfZaEceZ248JZgPjn5TzL2nwwHGWl9VI69SBPC+5MPS+LXm7Z4jcdscFeg=="
    },
    "node_modules/area-data": {
      "version": "5.0.6",
      "resolved": "https://registry.npmmirror.com/area-data/-/area-data-5.0.6.tgz",
      "integrity": "sha512-QxLoA+823xXKyhw5S3750I9TToki0OS42HU9ol3rCOsCXfkjtl8RtQ/eoj0cK0Levn4//oEM05FmMumfw/HIlg=="
    }
  },
  "dependencies": {
    "@vant/area-data": {
      "version": "1.4.1",
      "resolved": "https://registry.npmjs.org/@vant/area-data/-/area-data-1.4.1.tgz",
      "integrity": "sha512-D8zI/rfxREhnIKGoYzsEJZ73fte4JARhFeFftLIH7ynu1sPrCBEgPkLEbwPyvw3VC4JdSIuzaK5uOhu+BcoPXw=="
    },
    "@vant/weapp": {
      "version": "1.10.19",
      "resolved": "https://registry.npmmirror.com/@vant/weapp/-/weapp-1.10.19.tgz",
      "integrity": "sha512-RStOPlSELi9lqim9dGagguViUVMNnfZaEceZ248JZgPjn5TzL2nwwHGWl9VI69SBPC+5MPS+LXm7Z4jcdscFeg=="
    },
    "area-data": {
      "version": "5.0.6",
      "resolved": "https://registry.npmmirror.com/area-data/-/area-data-5.0.6.tgz",
      "integrity": "sha512-QxLoA+823xXKyhw5S3750I9TToki0OS42HU9ol3rCOsCXfkjtl8RtQ/eoj0cK0Levn4//oEM05FmMumfw/HIlg=="
    }
  }
}
